
Microsoft Visual Studio Solution File, Format Version 12.00
# Visual Studio 15
VisualStudioVersion = 15.0.28307.1778
MinimumVisualStudioVersion = 10.0.40219.1
Project("{F14B399A-7131-4C87-9E4B-1186C45EF12D}") = "SSRSRaportStatik_GRIDDVO", "SSRSRaportStatik_GRIDDVO\SSRSRaportStatik_GRIDDVO.rptproj", "{8B066794-DEAE-4750-931C-F902DD3064B3}"
EndProject
Global
	GlobalSection(SolutionConfigurationPlatforms) = preSolution
		Debug|Default = Debug|Default
		DebugLocal|Default = DebugLocal|Default
		Release|Default = Release|Default
	EndGlobalSection
	GlobalSection(ProjectConfigurationPlatforms) = postSolution
		{8B066794-DEAE-4750-931C-F902DD3064B3}.Debug|Default.ActiveCfg = Debug
		{8B066794-DEAE-4750-931C-F902DD3064B3}.Debug|Default.Build.0 = Debug
		{8B066794-DEAE-4750-931C-F902DD3064B3}.Debug|Default.Deploy.0 = Debug
		{8B066794-DEAE-4750-931C-F902DD3064B3}.DebugLocal|Default.ActiveCfg = DebugLocal
		{8B066794-DEAE-4750-931C-F902DD3064B3}.DebugLocal|Default.Build.0 = DebugLocal
		{8B066794-DEAE-4750-931C-F902DD3064B3}.Release|Default.ActiveCfg = Release
		{8B066794-DEAE-4750-931C-F902DD3064B3}.Release|Default.Build.0 = Release
		{8B066794-DEAE-4750-931C-F902DD3064B3}.Release|Default.Deploy.0 = Release
	EndGlobalSection
	GlobalSection(SolutionProperties) = preSolution
		HideSolutionNode = FALSE
	EndGlobalSection
	GlobalSection(ExtensibilityGlobals) = postSolution
		SolutionGuid = {9E3F7E9C-ADF9-4C15-94C4-4789181304DB}
	EndGlobalSection
EndGlobal
