
Microsoft Visual Studio Solution File, Format Version 12.00
# Visual Studio 15
VisualStudioVersion = 15.0.28307.1778
MinimumVisualStudioVersion = 10.0.40219.1
Project("{D2ABAB84-BF74-430A-B69E-9DC6D40DDA17}") = "SSASRaportDinamikMultidimensional_ GRIDDVO", "SSASRaportDinamikMultidimensional_ GRIDDVO\SSASRaportDinamikMultidimensional_ GRIDDVO.dwproj", "{35D5F855-3614-49D4-9E13-112D27B47E2A}"
EndProject
Global
	GlobalSection(SolutionConfigurationPlatforms) = preSolution
		Development|Default = Development|Default
	EndGlobalSection
	GlobalSection(ProjectConfigurationPlatforms) = postSolution
		{35D5F855-3614-49D4-9E13-112D27B47E2A}.Development|Default.ActiveCfg = Development
		{35D5F855-3614-49D4-9E13-112D27B47E2A}.Development|Default.Build.0 = Development
		{35D5F855-3614-49D4-9E13-112D27B47E2A}.Development|Default.Deploy.0 = Development
	EndGlobalSection
	GlobalSection(SolutionProperties) = preSolution
		HideSolutionNode = FALSE
	EndGlobalSection
	GlobalSection(ExtensibilityGlobals) = postSolution
		SolutionGuid = {D6ABF554-0EDF-49C6-A5DD-FA3379F4D0FB}
	EndGlobalSection
EndGlobal
